
Microsoft Visual Studio Solution File, Format Version 12.00
# Visual Studio for Mac
Project("{FAE04EC0-301F-11D3-BF4B-00C04F79EFBC}") = "Assembly-CSharp", "Assembly-CSharp.csproj", "{2024A824-0F4A-AADC-72AE-779D50192A32}"
EndProject
Project("{FAE04EC0-301F-11D3-BF4B-00C04F79EFBC}") = "Assembly-CSharp-Editor", "Assembly-CSharp-Editor.csproj", "{57FE5ED2-D250-D31A-3697-338EEC23E695}"
EndProject
Global
	GlobalSection(SolutionConfigurationPlatforms) = preSolution
		Debug|Any CPU = Debug|Any CPU
		Release|Any CPU = Release|Any CPU
	EndGlobalSection
	GlobalSection(ProjectConfigurationPlatforms) = postSolution
		{2024A824-0F4A-AADC-72AE-779D50192A32}.Debug|Any CPU.ActiveCfg = Debug|Any CPU
		{2024A824-0F4A-AADC-72AE-779D50192A32}.Debug|Any CPU.Build.0 = Debug|Any CPU
		{2024A824-0F4A-AADC-72AE-779D50192A32}.Release|Any CPU.ActiveCfg = Release|Any CPU
		{2024A824-0F4A-AADC-72AE-779D50192A32}.Release|Any CPU.Build.0 = Release|Any CPU
		{57FE5ED2-D250-D31A-3697-338EEC23E695}.Debug|Any CPU.ActiveCfg = Debug|Any CPU
		{57FE5ED2-D250-D31A-3697-338EEC23E695}.Debug|Any CPU.Build.0 = Debug|Any CPU
		{57FE5ED2-D250-D31A-3697-338EEC23E695}.Release|Any CPU.ActiveCfg = Release|Any CPU
		{57FE5ED2-D250-D31A-3697-338EEC23E695}.Release|Any CPU.Build.0 = Release|Any CPU
	EndGlobalSection
	GlobalSection(SolutionProperties) = preSolution
		HideSolutionNode = FALSE
	EndGlobalSection
	GlobalSection(MonoDevelopProperties) = preSolution
		StartupItem = Assembly-CSharp.csproj
	EndGlobalSection
EndGlobal
